
Microsoft Visual Studio Solution File, Format Version 12.00
# Visual Studio Version 17
VisualStudioVersion = 17.4.33205.214
MinimumVisualStudioVersion = 10.0.40219.1
Project("{FAE04EC0-301F-11D3-BF4B-00C04F79EFBC}") = "jalgpall", "jalgpall.csproj", "{C120C364-0D5C-48E9-B6A9-D082A888D808}"
EndProject
Global
	GlobalSection(SolutionConfigurationPlatforms) = preSolution
		Debug|Any CPU = Debug|Any CPU
		Release|Any CPU = Release|Any CPU
	EndGlobalSection
	GlobalSection(ProjectConfigurationPlatforms) = postSolution
		{C120C364-0D5C-48E9-B6A9-D082A888D808}.Debug|Any CPU.ActiveCfg = Debug|Any CPU
		{C120C364-0D5C-48E9-B6A9-D082A888D808}.Debug|Any CPU.Build.0 = Debug|Any CPU
		{C120C364-0D5C-48E9-B6A9-D082A888D808}.Release|Any CPU.ActiveCfg = Release|Any CPU
		{C120C364-0D5C-48E9-B6A9-D082A888D808}.Release|Any CPU.Build.0 = Release|Any CPU
	EndGlobalSection
	GlobalSection(SolutionProperties) = preSolution
		HideSolutionNode = FALSE
	EndGlobalSection
	GlobalSection(ExtensibilityGlobals) = postSolution
		SolutionGuid = {943F4CB6-BC18-41DD-9EB5-6C2521D8EEA3}
	EndGlobalSection
EndGlobal
